
Microsoft Visual Studio Solution File, Format Version 12.00
# Visual Studio Version 17
VisualStudioVersion = 17.5.33502.453
MinimumVisualStudioVersion = 10.0.40219.1
Project("{FAE04EC0-301F-11D3-BF4B-00C04F79EFBC}") = "WpfEventsApp", "WpfEventsApp\WpfEventsApp.csproj", "{AACE2946-95CC-40EF-9915-494A467F0740}"
EndProject
Global
	GlobalSection(SolutionConfigurationPlatforms) = preSolution
		Debug|Any CPU = Debug|Any CPU
		Release|Any CPU = Release|Any CPU
	EndGlobalSection
	GlobalSection(ProjectConfigurationPlatforms) = postSolution
		{AACE2946-95CC-40EF-9915-494A467F0740}.Debug|Any CPU.ActiveCfg = Debug|Any CPU
		{AACE2946-95CC-40EF-9915-494A467F0740}.Debug|Any CPU.Build.0 = Debug|Any CPU
		{AACE2946-95CC-40EF-9915-494A467F0740}.Release|Any CPU.ActiveCfg = Release|Any CPU
		{AACE2946-95CC-40EF-9915-494A467F0740}.Release|Any CPU.Build.0 = Release|Any CPU
	EndGlobalSection
	GlobalSection(SolutionProperties) = preSolution
		HideSolutionNode = FALSE
	EndGlobalSection
	GlobalSection(ExtensibilityGlobals) = postSolution
		SolutionGuid = {86D1A15F-CB16-44A8-A11F-E60F56A9EF3F}
	EndGlobalSection
EndGlobal
